
Microsoft Visual Studio Solution File, Format Version 12.00
# Visual Studio 14
VisualStudioVersion = 14.0.24720.0
MinimumVisualStudioVersion = 10.0.40219.1
Project("{FAE04EC0-301F-11D3-BF4B-00C04F79EFBC}") = "LabView", "LabView\LabView.csproj", "{6095C2E3-B5FE-41A5-93D8-761B688A1997}"
EndProject
Project("{FAE04EC0-301F-11D3-BF4B-00C04F79EFBC}") = "Calc2000", "Calc2000\Calc2000.csproj", "{CA7CC943-3801-43AF-855D-D615920D0DB4}"
EndProject
Global
	GlobalSection(SolutionConfigurationPlatforms) = preSolution
		Debug|Any CPU = Debug|Any CPU
		Release|Any CPU = Release|Any CPU
	EndGlobalSection
	GlobalSection(ProjectConfigurationPlatforms) = postSolution
		{6095C2E3-B5FE-41A5-93D8-761B688A1997}.Debug|Any CPU.ActiveCfg = Debug|Any CPU
		{6095C2E3-B5FE-41A5-93D8-761B688A1997}.Debug|Any CPU.Build.0 = Debug|Any CPU
		{6095C2E3-B5FE-41A5-93D8-761B688A1997}.Release|Any CPU.ActiveCfg = Release|Any CPU
		{6095C2E3-B5FE-41A5-93D8-761B688A1997}.Release|Any CPU.Build.0 = Release|Any CPU
		{CA7CC943-3801-43AF-855D-D615920D0DB4}.Debug|Any CPU.ActiveCfg = Debug|Any CPU
		{CA7CC943-3801-43AF-855D-D615920D0DB4}.Debug|Any CPU.Build.0 = Debug|Any CPU
		{CA7CC943-3801-43AF-855D-D615920D0DB4}.Release|Any CPU.ActiveCfg = Release|Any CPU
		{CA7CC943-3801-43AF-855D-D615920D0DB4}.Release|Any CPU.Build.0 = Release|Any CPU
	EndGlobalSection
	GlobalSection(SolutionProperties) = preSolution
		HideSolutionNode = FALSE
	EndGlobalSection
EndGlobal
